
Microsoft Visual Studio Solution File, Format Version 11.00
# Visual Web Developer Express 2010
Project("{FAE04EC0-301F-11D3-BF4B-00C04F79EFBC}") = "GreenZeta.com", "GreenZeta.com\GreenZeta.com.csproj", "{81559E03-32D9-4855-AE51-C7C93955890E}"
EndProject
Global
	GlobalSection(SolutionConfigurationPlatforms) = preSolution
		Debug|Any CPU = Debug|Any CPU
		Release|Any CPU = Release|Any CPU
	EndGlobalSection
	GlobalSection(ProjectConfigurationPlatforms) = postSolution
		{81559E03-32D9-4855-AE51-C7C93955890E}.Debug|Any CPU.ActiveCfg = Debug|Any CPU
		{81559E03-32D9-4855-AE51-C7C93955890E}.Debug|Any CPU.Build.0 = Debug|Any CPU
		{81559E03-32D9-4855-AE51-C7C93955890E}.Release|Any CPU.ActiveCfg = Release|Any CPU
		{81559E03-32D9-4855-AE51-C7C93955890E}.Release|Any CPU.Build.0 = Release|Any CPU
	EndGlobalSection
	GlobalSection(SolutionProperties) = preSolution
		HideSolutionNode = FALSE
	EndGlobalSection
EndGlobal
